
Microsoft Visual Studio Solution File, Format Version 12.00
# Visual Studio Version 17
VisualStudioVersion = 17.7.34031.279
MinimumVisualStudioVersion = 10.0.40219.1
Project("{FAE04EC0-301F-11D3-BF4B-00C04F79EFBC}") = "ContactsApp", "ContactsApp\ContactsApp.csproj", "{70E6C264-4489-41F9-A919-5965B06D1940}"
EndProject
Global
	GlobalSection(SolutionConfigurationPlatforms) = preSolution
		Debug|Any CPU = Debug|Any CPU
		Release|Any CPU = Release|Any CPU
	EndGlobalSection
	GlobalSection(ProjectConfigurationPlatforms) = postSolution
		{70E6C264-4489-41F9-A919-5965B06D1940}.Debug|Any CPU.ActiveCfg = Debug|Any CPU
		{70E6C264-4489-41F9-A919-5965B06D1940}.Debug|Any CPU.Build.0 = Debug|Any CPU
		{70E6C264-4489-41F9-A919-5965B06D1940}.Debug|Any CPU.Deploy.0 = Debug|Any CPU
		{70E6C264-4489-41F9-A919-5965B06D1940}.Release|Any CPU.ActiveCfg = Release|Any CPU
		{70E6C264-4489-41F9-A919-5965B06D1940}.Release|Any CPU.Build.0 = Release|Any CPU
		{70E6C264-4489-41F9-A919-5965B06D1940}.Release|Any CPU.Deploy.0 = Release|Any CPU
	EndGlobalSection
	GlobalSection(SolutionProperties) = preSolution
		HideSolutionNode = FALSE
	EndGlobalSection
	GlobalSection(ExtensibilityGlobals) = postSolution
		SolutionGuid = {A8EB46F1-0B78-49D7-99A6-3155AD044F8A}
	EndGlobalSection
EndGlobal
